
Microsoft Visual Studio Solution File, Format Version 12.00
# Visual Studio Version 17
VisualStudioVersion = 17.5.33516.290
MinimumVisualStudioVersion = 10.0.40219.1
Project("{FAE04EC0-301F-11D3-BF4B-00C04F79EFBC}") = "delegaty", "delegaty.csproj", "{224F05D3-2AAF-4B28-A720-1A881C24EF58}"
EndProject
Global
	GlobalSection(SolutionConfigurationPlatforms) = preSolution
		Debug|Any CPU = Debug|Any CPU
		Release|Any CPU = Release|Any CPU
	EndGlobalSection
	GlobalSection(ProjectConfigurationPlatforms) = postSolution
		{224F05D3-2AAF-4B28-A720-1A881C24EF58}.Debug|Any CPU.ActiveCfg = Debug|Any CPU
		{224F05D3-2AAF-4B28-A720-1A881C24EF58}.Debug|Any CPU.Build.0 = Debug|Any CPU
		{224F05D3-2AAF-4B28-A720-1A881C24EF58}.Release|Any CPU.ActiveCfg = Release|Any CPU
		{224F05D3-2AAF-4B28-A720-1A881C24EF58}.Release|Any CPU.Build.0 = Release|Any CPU
	EndGlobalSection
	GlobalSection(SolutionProperties) = preSolution
		HideSolutionNode = FALSE
	EndGlobalSection
	GlobalSection(ExtensibilityGlobals) = postSolution
		SolutionGuid = {F1CAC5F3-1DE1-4E4F-82A8-19D50815E959}
	EndGlobalSection
EndGlobal
